// !$*UTF8*$!
{
	archiveVersion = 1;
	classes = {
	};
	objectVersion = 77;
	objects = {

/* Begin PBXContainerItemProxy section */
		0A3F28D42DE029A8003DD109 /* PBXContainerItemProxy */ = {
			isa = PBXContainerItemProxy;
			containerPortal = 0A3F28BA2DE029A6003DD109 /* Project object */;
			proxyType = 1;
			remoteGlobalIDString = 0A3F28C12DE029A6003DD109;
			remoteInfo = Mark;
		};
		0A3F28DE2DE029A8003DD109 /* PBXContainerItemProxy */ = {
			isa = PBXContainerItemProxy;
			containerPortal = 0A3F28BA2DE029A6003DD109 /* Project object */;
			proxyType = 1;
			remoteGlobalIDString = 0A3F28C12DE029A6003DD109;
			remoteInfo = Mark;
		};
/* End PBXContainerItemProxy section */

/* Begin PBXFileReference section */
		0A3F28C22DE029A6003DD109 /* Mark.app */ = {isa = PBXFileReference; explicitFileType = wrapper.application; includeInIndex = 0; path = Mark.app; sourceTree = BUILT_PRODUCTS_DIR; };
		0A3F28D32DE029A8003DD109 /* MarkTests.xctest */ = {isa = PBXFileReference; explicitFileType = wrapper.cfbundle; includeInIndex = 0; path = MarkTests.xctest; sourceTree = BUILT_PRODUCTS_DIR; };
		0A3F28DD2DE029A8003DD109 /* MarkUITests.xctest */ = {isa = PBXFileReference; explicitFileType = wrapper.cfbundle; includeInIndex = 0; path = MarkUITests.xctest; sourceTree = BUILT_PRODUCTS_DIR; };
/* End PBXFileReference section */

/* Begin PBXFileSystemSynchronizedRootGroup section */
		0A3F28C42DE029A6003DD109 /* Mark */ = {
			isa = PBXFileSystemSynchronizedRootGroup;
			path = Mark;
			sourceTree = "<group>";
		};
		0A3F28D62DE029A8003DD109 /* MarkTests */ = {
			isa = PBXFileSystemSynchronizedRootGroup;
			path = MarkTests;
			sourceTree = "<group>";
		};
		0A3F28E02DE029A8003DD109 /* MarkUITests */ = {
			isa = PBXFileSystemSynchronizedRootGroup;
			path = MarkUITests;
			sourceTree = "<group>";
		};
/* End PBXFileSystemSynchronizedRootGroup section */

/* Begin PBXFrameworksBuildPhase section */
		0A3F28BF2DE029A6003DD109 /* Frameworks */ = {
			isa = PBXFrameworksBuildPhase;
			buildActionMask = 2147483647;
			files = (
			);
			runOnlyForDeploymentPostprocessing = 0;
		};
		0A3F28D02DE029A8003DD109 /* Frameworks */ = {
			isa = PBXFrameworksBuildPhase;
			buildActionMask = 2147483647;
			files = (
			);
			runOnlyForDeploymentPostprocessing = 0;
		};
		0A3F28DA2DE029A8003DD109 /* Frameworks */ = {
			isa = PBXFrameworksBuildPhase;
			buildActionMask = 2147483647;
			files = (
			);
			runOnlyForDeploymentPostprocessing = 0;
		};
/* End PBXFrameworksBuildPhase section */

/* Begin PBXGroup section */
		0A3F28B92DE029A6003DD109 = {
			isa = PBXGroup;
			children = (
				0A3F28C42DE029A6003DD109 /* Mark */,
				0A3F28D62DE029A8003DD109 /* MarkTests */,
				0A3F28E02DE029A8003DD109 /* MarkUITests */,
				0A3F28C32DE029A6003DD109 /* Products */,
			);
			sourceTree = "<group>";
			usesTabs = 0;
		};
		0A3F28C32DE029A6003DD109 /* Products */ = {
			isa = PBXGroup;
			children = (
				0A3F28C22DE029A6003DD109 /* Mark.app */,
				0A3F28D32DE029A8003DD109 /* MarkTests.xctest */,
				0A3F28DD2DE029A8003DD109 /* MarkUITests.xctest */,
			);
			name = Products;
			sourceTree = "<group>";
		};
/* End PBXGroup section */

/* Begin PBXNativeTarget section */
		0A3F28C12DE029A6003DD109 /* Mark */ = {
			isa = PBXNativeTarget;
			buildConfigurationList = 0A3F28E72DE029A8003DD109 /* Build configuration list for PBXNativeTarget "Mark" */;
			buildPhases = (
				0A3F28BE2DE029A6003DD109 /* Sources */,
				0A3F28BF2DE029A6003DD109 /* Frameworks */,
				0A3F28C02DE029A6003DD109 /* Resources */,
			);
			buildRules = (
			);
			dependencies = (
			);
			fileSystemSynchronizedGroups = (
				0A3F28C42DE029A6003DD109 /* Mark */,
			);
			name = Mark;
			packageProductDependencies = (
			);
			productName = Mark;
			productReference = 0A3F28C22DE029A6003DD109 /* Mark.app */;
			productType = "com.apple.product-type.application";
		};
		0A3F28D22DE029A8003DD109 /* MarkTests */ = {
			isa = PBXNativeTarget;
			buildConfigurationList = 0A3F28EA2DE029A8003DD109 /* Build configuration list for PBXNativeTarget "MarkTests" */;
			buildPhases = (
				0A3F28CF2DE029A8003DD109 /* Sources */,
				0A3F28D02DE029A8003DD109 /* Frameworks */,
				0A3F28D12DE029A8003DD109 /* Resources */,
			);
			buildRules = (
			);
			dependencies = (
				0A3F28D52DE029A8003DD109 /* PBXTargetDependency */,
			);
			fileSystemSynchronizedGroups = (
				0A3F28D62DE029A8003DD109 /* MarkTests */,
			);
			name = MarkTests;
			packageProductDependencies = (
			);
			productName = MarkTests;
			productReference = 0A3F28D32DE029A8003DD109 /* MarkTests.xctest */;
			productType = "com.apple.product-type.bundle.unit-test";
		};
		0A3F28DC2DE029A8003DD109 /* MarkUITests */ = {
			isa = PBXNativeTarget;
			buildConfigurationList = 0A3F28ED2DE029A8003DD109 /* Build configuration list for PBXNativeTarget "MarkUITests" */;
			buildPhases = (
				0A3F28D92DE029A8003DD109 /* Sources */,
				0A3F28DA2DE029A8003DD109 /* Frameworks */,
				0A3F28DB2DE029A8003DD109 /* Resources */,
			);
			buildRules = (
			);
			dependencies = (
				0A3F28DF2DE029A8003DD109 /* PBXTargetDependency */,
			);
			fileSystemSynchronizedGroups = (
				0A3F28E02DE029A8003DD109 /* MarkUITests */,
			);
			name = MarkUITests;
			packageProductDependencies = (
			);
			productName = MarkUITests;
			productReference = 0A3F28DD2DE029A8003DD109 /* MarkUITests.xctest */;
			productType = "com.apple.product-type.bundle.ui-testing";
		};
/* End PBXNativeTarget section */

/* Begin PBXProject section */
		0A3F28BA2DE029A6003DD109 /* Project object */ = {
			isa = PBXProject;
			attributes = {
				BuildIndependentTargetsInParallel = 1;
				LastSwiftUpdateCheck = 1620;
				LastUpgradeCheck = 1620;
				TargetAttributes = {
					0A3F28C12DE029A6003DD109 = {
						CreatedOnToolsVersion = 16.2;
					};
					0A3F28D22DE029A8003DD109 = {
						CreatedOnToolsVersion = 16.2;
						TestTargetID = 0A3F28C12DE029A6003DD109;
					};
					0A3F28DC2DE029A8003DD109 = {
						CreatedOnToolsVersion = 16.2;
						TestTargetID = 0A3F28C12DE029A6003DD109;
					};
				};
			};
			buildConfigurationList = 0A3F28BD2DE029A6003DD109 /* Build configuration list for PBXProject "Mark" */;
			developmentRegion = en;
			hasScannedForEncodings = 0;
			knownRegions = (
				en,
				Base,
			);
			mainGroup = 0A3F28B92DE029A6003DD109;
			minimizedProjectReferenceProxies = 1;
			preferredProjectObjectVersion = 77;
			productRefGroup = 0A3F28C32DE029A6003DD109 /* Products */;
			projectDirPath = "";
			projectRoot = "";
			targets = (
				0A3F28C12DE029A6003DD109 /* Mark */,
				0A3F28D22DE029A8003DD109 /* MarkTests */,
				0A3F28DC2DE029A8003DD109 /* MarkUITests */,
			);
		};
/* End PBXProject section */

/* Begin PBXResourcesBuildPhase section */
		0A3F28C02DE029A6003DD109 /* Resources */ = {
			isa = PBXResourcesBuildPhase;
			buildActionMask = 2147483647;
			files = (
			);
			runOnlyForDeploymentPostprocessing = 0;
		};
		0A3F28D12DE029A8003DD109 /* Resources */ = {
			isa = PBXResourcesBuildPhase;
			buildActionMask = 2147483647;
			files = (
			);
			runOnlyForDeploymentPostprocessing = 0;
		};
		0A3F28DB2DE029A8003DD109 /* Resources */ = {
			isa = PBXResourcesBuildPhase;
			buildActionMask = 2147483647;
			files = (
			);
			runOnlyForDeploymentPostprocessing = 0;
		};
/* End PBXResourcesBuildPhase section */

/* Begin PBXSourcesBuildPhase section */
		0A3F28BE2DE029A6003DD109 /* Sources */ = {
			isa = PBXSourcesBuildPhase;
			buildActionMask = 2147483647;
			files = (
			);
			runOnlyForDeploymentPostprocessing = 0;
		};
		0A3F28CF2DE029A8003DD109 /* Sources */ = {
			isa = PBXSourcesBuildPhase;
			buildActionMask = 2147483647;
			files = (
			);
			runOnlyForDeploymentPostprocessing = 0;
		};
		0A3F28D92DE029A8003DD109 /* Sources */ = {
			isa = PBXSourcesBuildPhase;
			buildActionMask = 2147483647;
			files = (
			);
			runOnlyForDeploymentPostprocessing = 0;
		};
/* End PBXSourcesBuildPhase section */

/* Begin PBXTargetDependency section */
		0A3F28D52DE029A8003DD109 /* PBXTargetDependency */ = {
			isa = PBXTargetDependency;
			target = 0A3F28C12DE029A6003DD109 /* Mark */;
			targetProxy = 0A3F28D42DE029A8003DD109 /* PBXContainerItemProxy */;
		};
		0A3F28DF2DE029A8003DD109 /* PBXTargetDependency */ = {
			isa = PBXTargetDependency;
			target = 0A3F28C12DE029A6003DD109 /* Mark */;
			targetProxy = 0A3F28DE2DE029A8003DD109 /* PBXContainerItemProxy */;
		};
/* End PBXTargetDependency section */

/* Begin XCBuildConfiguration section */
		0A3F28E52DE029A8003DD109 /* Debug */ = {
			isa = XCBuildConfiguration;
			buildSettings = {
				ALWAYS_SEARCH_USER_PATHS = NO;
				ASSETCATALOG_COMPILER_GENERATE_SWIFT_ASSET_SYMBOL_EXTENSIONS = YES;
				CLANG_ANALYZER_NONNULL = YES;
				CLANG_ANALYZER_NUMBER_OBJECT_CONVERSION = YES_AGGRESSIVE;
				CLANG_CXX_LANGUAGE_STANDARD = "gnu++20";
				CLANG_ENABLE_MODULES = YES;
				CLANG_ENABLE_OBJC_ARC = YES;
				CLANG_ENABLE_OBJC_WEAK = YES;
				CLANG_WARN_BLOCK_CAPTURE_AUTORELEASING = YES;
				CLANG_WARN_BOOL_CONVERSION = YES;
				CLANG_WARN_COMMA = YES;
				CLANG_WARN_CONSTANT_CONVERSION = YES;
				CLANG_WARN_DEPRECATED_OBJC_IMPLEMENTATIONS = YES;
				CLANG_WARN_DIRECT_OBJC_ISA_USAGE = YES_ERROR;
				CLANG_WARN_DOCUMENTATION_COMMENTS = YES;
				CLANG_WARN_EMPTY_BODY = YES;
				CLANG_WARN_ENUM_CONVERSION = YES;
				CLANG_WARN_INFINITE_RECURSION = YES;
				CLANG_WARN_INT_CONVERSION = YES;
				CLANG_WARN_NON_LITERAL_NULL_CONVERSION = YES;
				CLANG_WARN_OBJC_IMPLICIT_RETAIN_SELF = YES;
				CLANG_WARN_OBJC_LITERAL_CONVERSION = YES;
				CLANG_WARN_OBJC_ROOT_CLASS = YES_ERROR;
				CLANG_WARN_QUOTED_INCLUDE_IN_FRAMEWORK_HEADER = YES;
				CLANG_WARN_RANGE_LOOP_ANALYSIS = YES;
				CLANG_WARN_STRICT_PROTOTYPES = YES;
				CLANG_WARN_SUSPICIOUS_MOVE = YES;
				CLANG_WARN_UNGUARDED_AVAILABILITY = YES_AGGRESSIVE;
				CLANG_WARN_UNREACHABLE_CODE = YES;
				CLANG_WARN__DUPLICATE_METHOD_MATCH = YES;
				COPY_PHASE_STRIP = NO;
				DEBUG_INFORMATION_FORMAT = dwarf;
				ENABLE_STRICT_OBJC_MSGSEND = YES;
				ENABLE_TESTABILITY = YES;
				ENABLE_USER_SCRIPT_SANDBOXING = YES;
				GCC_C_LANGUAGE_STANDARD = gnu17;
				GCC_DYNAMIC_NO_PIC = NO;
				GCC_NO_COMMON_BLOCKS = YES;
				GCC_OPTIMIZATION_LEVEL = 0;
				GCC_PREPROCESSOR_DEFINITIONS = (
					"DEBUG=1",
					"$(inherited)",
				);
				GCC_WARN_64_TO_32_BIT_CONVERSION = YES;
				GCC_WARN_ABOUT_RETURN_TYPE = YES_ERROR;
				GCC_WARN_UNDECLARED_SELECTOR = YES;
				GCC_WARN_UNINITIALIZED_AUTOS = YES_AGGRESSIVE;
				GCC_WARN_UNUSED_FUNCTION = YES;
				GCC_WARN_UNUSED_VARIABLE = YES;
				LOCALIZATION_PREFERS_STRING_CATALOGS = YES;
				MACOSX_DEPLOYMENT_TARGET = 15.2;
				MTL_ENABLE_DEBUG_INFO = INCLUDE_SOURCE;
				MTL_FAST_MATH = YES;
				ONLY_ACTIVE_ARCH = YES;
				SDKROOT = macosx;
				SWIFT_ACTIVE_COMPILATION_CONDITIONS = "DEBUG $(inherited)";
				SWIFT_OPTIMIZATION_LEVEL = "-Onone";
			};
			name = Debug;
		};
		0A3F28E62DE029A8003DD109 /* Release */ = {
			isa = XCBuildConfiguration;
			buildSettings = {
				ALWAYS_SEARCH_USER_PATHS = NO;
				ASSETCATALOG_COMPILER_GENERATE_SWIFT_ASSET_SYMBOL_EXTENSIONS = YES;
				CLANG_ANALYZER_NONNULL = YES;
				CLANG_ANALYZER_NUMBER_OBJECT_CONVERSION = YES_AGGRESSIVE;
				CLANG_CXX_LANGUAGE_STANDARD = "gnu++20";
				CLANG_ENABLE_MODULES = YES;
				CLANG_ENABLE_OBJC_ARC = YES;
				CLANG_ENABLE_OBJC_WEAK = YES;
				CLANG_WARN_BLOCK_CAPTURE_AUTORELEASING = YES;
				CLANG_WARN_BOOL_CONVERSION = YES;
				CLANG_WARN_COMMA = YES;
				CLANG_WARN_CONSTANT_CONVERSION = YES;
				CLANG_WARN_DEPRECATED_OBJC_IMPLEMENTATIONS = YES;
				CLANG_WARN_DIRECT_OBJC_ISA_USAGE = YES_ERROR;
				CLANG_WARN_DOCUMENTATION_COMMENTS = YES;
				CLANG_WARN_EMPTY_BODY = YES;
				CLANG_WARN_ENUM_CONVERSION = YES;
				CLANG_WARN_INFINITE_RECURSION = YES;
				CLANG_WARN_INT_CONVERSION = YES;
				CLANG_WARN_NON_LITERAL_NULL_CONVERSION = YES;
				CLANG_WARN_OBJC_IMPLICIT_RETAIN_SELF = YES;
				CLANG_WARN_OBJC_LITERAL_CONVERSION = YES;
				CLANG_WARN_OBJC_ROOT_CLASS = YES_ERROR;
				CLANG_WARN_QUOTED_INCLUDE_IN_FRAMEWORK_HEADER = YES;
				CLANG_WARN_RANGE_LOOP_ANALYSIS = YES;
				CLANG_WARN_STRICT_PROTOTYPES = YES;
				CLANG_WARN_SUSPICIOUS_MOVE = YES;
				CLANG_WARN_UNGUARDED_AVAILABILITY = YES_AGGRESSIVE;
				CLANG_WARN_UNREACHABLE_CODE = YES;
				CLANG_WARN__DUPLICATE_METHOD_MATCH = YES;
				COPY_PHASE_STRIP = NO;
				DEBUG_INFORMATION_FORMAT = "dwarf-with-dsym";
				ENABLE_NS_ASSERTIONS = NO;
				ENABLE_STRICT_OBJC_MSGSEND = YES;
				ENABLE_USER_SCRIPT_SANDBOXING = YES;
				GCC_C_LANGUAGE_STANDARD = gnu17;
				GCC_NO_COMMON_BLOCKS = YES;
				GCC_WARN_64_TO_32_BIT_CONVERSION = YES;
				GCC_WARN_ABOUT_RETURN_TYPE = YES_ERROR;
				GCC_WARN_UNDECLARED_SELECTOR = YES;
				GCC_WARN_UNINITIALIZED_AUTOS = YES_AGGRESSIVE;
				GCC_WARN_UNUSED_FUNCTION = YES;
				GCC_WARN_UNUSED_VARIABLE = YES;
				LOCALIZATION_PREFERS_STRING_CATALOGS = YES;
				MACOSX_DEPLOYMENT_TARGET = 15.2;
				MTL_ENABLE_DEBUG_INFO = NO;
				MTL_FAST_MATH = YES;
				SDKROOT = macosx;
				SWIFT_COMPILATION_MODE = wholemodule;
			};
			name = Release;
		};
		0A3F28E82DE029A8003DD109 /* Debug */ = {
			isa = XCBuildConfiguration;
			buildSettings = {
				ASSETCATALOG_COMPILER_APPICON_NAME = AppIcon;
				ASSETCATALOG_COMPILER_GLOBAL_ACCENT_COLOR_NAME = AccentColor;
				CODE_SIGN_ENTITLEMENTS = Mark/Mark.entitlements;
				CODE_SIGN_STYLE = Automatic;
				COMBINE_HIDPI_IMAGES = YES;
				CURRENT_PROJECT_VERSION = 1;
				DEVELOPMENT_ASSET_PATHS = "\"Mark/Preview Content\"";
				DEVELOPMENT_TEAM = QKDUZHZL52;
				ENABLE_HARDENED_RUNTIME = YES;
				ENABLE_PREVIEWS = YES;
				GENERATE_INFOPLIST_FILE = YES;
				INFOPLIST_KEY_NSHumanReadableCopyright = "";
				LD_RUNPATH_SEARCH_PATHS = (
					"$(inherited)",
					"@executable_path/../Frameworks",
				);
				MARKETING_VERSION = 1.0;
				PRODUCT_BUNDLE_IDENTIFIER = mark.Mark;
				PRODUCT_NAME = "$(TARGET_NAME)";
				SWIFT_EMIT_LOC_STRINGS = YES;
				SWIFT_VERSION = 5.0;
			};
			name = Debug;
		};
		0A3F28E92DE029A8003DD109 /* Release */ = {
			isa = XCBuildConfiguration;
			buildSettings = {
				ASSETCATALOG_COMPILER_APPICON_NAME = AppIcon;
				ASSETCATALOG_COMPILER_GLOBAL_ACCENT_COLOR_NAME = AccentColor;
				CODE_SIGN_ENTITLEMENTS = Mark/Mark.entitlements;
				CODE_SIGN_STYLE = Automatic;
				COMBINE_HIDPI_IMAGES = YES;
				CURRENT_PROJECT_VERSION = 1;
				DEVELOPMENT_ASSET_PATHS = "\"Mark/Preview Content\"";
				DEVELOPMENT_TEAM = QKDUZHZL52;
				ENABLE_HARDENED_RUNTIME = YES;
				ENABLE_PREVIEWS = YES;
				GENERATE_INFOPLIST_FILE = YES;
				INFOPLIST_KEY_NSHumanReadableCopyright = "";
				LD_RUNPATH_SEARCH_PATHS = (
					"$(inherited)",
					"@executable_path/../Frameworks",
				);
				MARKETING_VERSION = 1.0;
				PRODUCT_BUNDLE_IDENTIFIER = mark.Mark;
				PRODUCT_NAME = "$(TARGET_NAME)";
				SWIFT_EMIT_LOC_STRINGS = YES;
				SWIFT_VERSION = 5.0;
			};
			name = Release;
		};
		0A3F28EB2DE029A8003DD109 /* Debug */ = {
			isa = XCBuildConfiguration;
			buildSettings = {
				BUNDLE_LOADER = "$(TEST_HOST)";
				CODE_SIGN_STYLE = Automatic;
				CURRENT_PROJECT_VERSION = 1;
				DEVELOPMENT_TEAM = QKDUZHZL52;
				GENERATE_INFOPLIST_FILE = YES;
				MACOSX_DEPLOYMENT_TARGET = 15.2;
				MARKETING_VERSION = 1.0;
				PRODUCT_BUNDLE_IDENTIFIER = mark.MarkTests;
				PRODUCT_NAME = "$(TARGET_NAME)";
				SWIFT_EMIT_LOC_STRINGS = NO;
				SWIFT_VERSION = 5.0;
				TEST_HOST = "$(BUILT_PRODUCTS_DIR)/Mark.app/$(BUNDLE_EXECUTABLE_FOLDER_PATH)/Mark";
			};
			name = Debug;
		};
		0A3F28EC2DE029A8003DD109 /* Release */ = {
			isa = XCBuildConfiguration;
			buildSettings = {
				BUNDLE_LOADER = "$(TEST_HOST)";
				CODE_SIGN_STYLE = Automatic;
				CURRENT_PROJECT_VERSION = 1;
				DEVELOPMENT_TEAM = QKDUZHZL52;
				GENERATE_INFOPLIST_FILE = YES;
				MACOSX_DEPLOYMENT_TARGET = 15.2;
				MARKETING_VERSION = 1.0;
				PRODUCT_BUNDLE_IDENTIFIER = mark.MarkTests;
				PRODUCT_NAME = "$(TARGET_NAME)";
				SWIFT_EMIT_LOC_STRINGS = NO;
				SWIFT_VERSION = 5.0;
				TEST_HOST = "$(BUILT_PRODUCTS_DIR)/Mark.app/$(BUNDLE_EXECUTABLE_FOLDER_PATH)/Mark";
			};
			name = Release;
		};
		0A3F28EE2DE029A8003DD109 /* Debug */ = {
			isa = XCBuildConfiguration;
			buildSettings = {
				CODE_SIGN_STYLE = Automatic;
				CURRENT_PROJECT_VERSION = 1;
				DEVELOPMENT_TEAM = QKDUZHZL52;
				GENERATE_INFOPLIST_FILE = YES;
				MARKETING_VERSION = 1.0;
				PRODUCT_BUNDLE_IDENTIFIER = mark.MarkUITests;
				PRODUCT_NAME = "$(TARGET_NAME)";
				SWIFT_EMIT_LOC_STRINGS = NO;
				SWIFT_VERSION = 5.0;
				TEST_TARGET_NAME = Mark;
			};
			name = Debug;
		};
		0A3F28EF2DE029A8003DD109 /* Release */ = {
			isa = XCBuildConfiguration;
			buildSettings = {
				CODE_SIGN_STYLE = Automatic;
				CURRENT_PROJECT_VERSION = 1;
				DEVELOPMENT_TEAM = QKDUZHZL52;
				GENERATE_INFOPLIST_FILE = YES;
				MARKETING_VERSION = 1.0;
				PRODUCT_BUNDLE_IDENTIFIER = mark.MarkUITests;
				PRODUCT_NAME = "$(TARGET_NAME)";
				SWIFT_EMIT_LOC_STRINGS = NO;
				SWIFT_VERSION = 5.0;
				TEST_TARGET_NAME = Mark;
			};
			name = Release;
		};
/* End XCBuildConfiguration section */

/* Begin XCConfigurationList section */
		0A3F28BD2DE029A6003DD109 /* Build configuration list for PBXProject "Mark" */ = {
			isa = XCConfigurationList;
			buildConfigurations = (
				0A3F28E52DE029A8003DD109 /* Debug */,
				0A3F28E62DE029A8003DD109 /* Release */,
			);
			defaultConfigurationIsVisible = 0;
			defaultConfigurationName = Release;
		};
		0A3F28E72DE029A8003DD109 /* Build configuration list for PBXNativeTarget "Mark" */ = {
			isa = XCConfigurationList;
			buildConfigurations = (
				0A3F28E82DE029A8003DD109 /* Debug */,
				0A3F28E92DE029A8003DD109 /* Release */,
			);
			defaultConfigurationIsVisible = 0;
			defaultConfigurationName = Release;
		};
		0A3F28EA2DE029A8003DD109 /* Build configuration list for PBXNativeTarget "MarkTests" */ = {
			isa = XCConfigurationList;
			buildConfigurations = (
				0A3F28EB2DE029A8003DD109 /* Debug */,
				0A3F28EC2DE029A8003DD109 /* Release */,
			);
			defaultConfigurationIsVisible = 0;
			defaultConfigurationName = Release;
		};
		0A3F28ED2DE029A8003DD109 /* Build configuration list for PBXNativeTarget "MarkUITests" */ = {
			isa = XCConfigurationList;
			buildConfigurations = (
				0A3F28EE2DE029A8003DD109 /* Debug */,
				0A3F28EF2DE029A8003DD109 /* Release */,
			);
			defaultConfigurationIsVisible = 0;
			defaultConfigurationName = Release;
		};
/* End XCConfigurationList section */
	};
	rootObject = 0A3F28BA2DE029A6003DD109 /* Project object */;
}
